
Microsoft Visual Studio Solution File, Format Version 12.00
# Visual Studio Version 17
VisualStudioVersion = 17.4.33122.133
MinimumVisualStudioVersion = 10.0.40219.1
Project("{FAE04EC0-301F-11D3-BF4B-00C04F79EFBC}") = "WebApplication1", "WebApplication1\WebApplication1.csproj", "{FB38F134-2130-4E07-BCD9-AF1D273723F1}"
EndProject
Global
	GlobalSection(SolutionConfigurationPlatforms) = preSolution
		Debug|Any CPU = Debug|Any CPU
		Release|Any CPU = Release|Any CPU
	EndGlobalSection
	GlobalSection(ProjectConfigurationPlatforms) = postSolution
		{FB38F134-2130-4E07-BCD9-AF1D273723F1}.Debug|Any CPU.ActiveCfg = Debug|Any CPU
		{FB38F134-2130-4E07-BCD9-AF1D273723F1}.Debug|Any CPU.Build.0 = Debug|Any CPU
		{FB38F134-2130-4E07-BCD9-AF1D273723F1}.Release|Any CPU.ActiveCfg = Release|Any CPU
		{FB38F134-2130-4E07-BCD9-AF1D273723F1}.Release|Any CPU.Build.0 = Release|Any CPU
	EndGlobalSection
	GlobalSection(SolutionProperties) = preSolution
		HideSolutionNode = FALSE
	EndGlobalSection
	GlobalSection(ExtensibilityGlobals) = postSolution
		SolutionGuid = {4D330A7A-8A3D-471D-94D0-AD9651E5106B}
	EndGlobalSection
EndGlobal
